Microsoft Visual Studio Solution File, Format Version 12.00
# Visual Studio Version 17
VisualStudioVersion = 17.5.2.0
MinimumVisualStudioVersion = 10.0.40219.1
Project("{FAE04EC0-301F-11D3-BF4B-00C04F79EFBC}") = "space-shooter", "space-shooter.csproj", "{548F1362-9911-FC90-E652-6492A896AEBD}"
EndProject
Global
	GlobalSection(SolutionConfigurationPlatforms) = preSolution
		Debug|Any CPU = Debug|Any CPU
		Release|Any CPU = Release|Any CPU
	EndGlobalSection
	GlobalSection(ProjectConfigurationPlatforms) = postSolution
		{548F1362-9911-FC90-E652-6492A896AEBD}.Debug|Any CPU.ActiveCfg = Debug|Any CPU
		{548F1362-9911-FC90-E652-6492A896AEBD}.Debug|Any CPU.Build.0 = Debug|Any CPU
		{548F1362-9911-FC90-E652-6492A896AEBD}.Release|Any CPU.ActiveCfg = Release|Any CPU
		{548F1362-9911-FC90-E652-6492A896AEBD}.Release|Any CPU.Build.0 = Release|Any CPU
	EndGlobalSection
	GlobalSection(SolutionProperties) = preSolution
		HideSolutionNode = FALSE
	EndGlobalSection
	GlobalSection(ExtensibilityGlobals) = postSolution
		SolutionGuid = {67EB73EF-6332-4B75-967B-08F51F0CE4BA}
	EndGlobalSection
EndGlobal
